
Microsoft Visual Studio Solution File, Format Version 12.00
# Visual Studio 14
VisualStudioVersion = 14.0.25123.0
MinimumVisualStudioVersion = 10.0.40219.1
Project("{FAE04EC0-301F-11D3-BF4B-00C04F79EFBC}") = "ZXingTest.Droid", "ZXingTest\ZXingTest.Droid\ZXingTest.Droid.csproj", "{6C16E3D1-9537-4BA1-86E6-0D8A1B910F3A}"
EndProject
Project("{FAE04EC0-301F-11D3-BF4B-00C04F79EFBC}") = "ZXingTest.iOS", "ZXingTest\ZXingTest.iOS\ZXingTest.iOS.csproj", "{0EDF6543-0D5B-4338-8876-42FAE446EFFD}"
EndProject
Project("{FAE04EC0-301F-11D3-BF4B-00C04F79EFBC}") = "ZXingTest.WinPhone", "ZXingTest\ZXingTest.WinPhone\ZXingTest.WinPhone.csproj", "{2C2E3228-05A5-468C-87BC-2A0D3F9C72B4}"
EndProject
Project("{D954291E-2A0B-460D-934E-DC6B0785DB48}") = "ZXingTest", "ZXingTest\ZXingTest\ZXingTest.shproj", "{6A141E67-7B0E-447A-9931-FE3039E90AC5}"
EndProject
Global
	GlobalSection(SharedMSBuildProjectFiles) = preSolution
		ZXingTest\ZXingTest\ZXingTest.projitems*{6a141e67-7b0e-447a-9931-fe3039e90ac5}*SharedItemsImports = 13
		ZXingTest\ZXingTest\ZXingTest.projitems*{6c16e3d1-9537-4ba1-86e6-0d8a1b910f3a}*SharedItemsImports = 4
		ZXingTest\ZXingTest\ZXingTest.projitems*{2c2e3228-05a5-468c-87bc-2a0d3f9c72b4}*SharedItemsImports = 4
		ZXingTest\ZXingTest\ZXingTest.projitems*{0edf6543-0d5b-4338-8876-42fae446effd}*SharedItemsImports = 4
	EndGlobalSection
	GlobalSection(SolutionConfigurationPlatforms) = preSolution
		AppStore|Any CPU = AppStore|Any CPU
		AppStore|ARM = AppStore|ARM
		AppStore|iPhone = AppStore|iPhone
		AppStore|iPhoneSimulator = AppStore|iPhoneSimulator
		AppStore|x86 = AppStore|x86
		Debug|Any CPU = Debug|Any CPU
		Debug|ARM = Debug|ARM
		Debug|iPhone = Debug|iPhone
		Debug|iPhoneSimulator = Debug|iPhoneSimulator
		Debug|x86 = Debug|x86
		Release|Any CPU = Release|Any CPU
		Release|ARM = Release|ARM
		Release|iPhone = Release|iPhone
		Release|iPhoneSimulator = Release|iPhoneSimulator
		Release|x86 = Release|x86
	EndGlobalSection
	GlobalSection(ProjectConfigurationPlatforms) = postSolution
		{6C16E3D1-9537-4BA1-86E6-0D8A1B910F3A}.AppStore|Any CPU.ActiveCfg = Release|Any CPU
		{6C16E3D1-9537-4BA1-86E6-0D8A1B910F3A}.AppStore|Any CPU.Build.0 = Release|Any CPU
		{6C16E3D1-9537-4BA1-86E6-0D8A1B910F3A}.AppStore|Any CPU.Deploy.0 = Release|Any CPU
		{6C16E3D1-9537-4BA1-86E6-0D8A1B910F3A}.AppStore|ARM.ActiveCfg = Release|Any CPU
		{6C16E3D1-9537-4BA1-86E6-0D8A1B910F3A}.AppStore|ARM.Build.0 = Release|Any CPU
		{6C16E3D1-9537-4BA1-86E6-0D8A1B910F3A}.AppStore|ARM.Deploy.0 = Release|Any CPU
		{6C16E3D1-9537-4BA1-86E6-0D8A1B910F3A}.AppStore|iPhone.ActiveCfg = Release|Any CPU
		{6C16E3D1-9537-4BA1-86E6-0D8A1B910F3A}.AppStore|iPhone.Build.0 = Release|Any CPU
		{6C16E3D1-9537-4BA1-86E6-0D8A1B910F3A}.AppStore|iPhone.Deploy.0 = Release|Any CPU
		{6C16E3D1-9537-4BA1-86E6-0D8A1B910F3A}.AppStore|iPhoneSimulator.ActiveCfg = Release|Any CPU
		{6C16E3D1-9537-4BA1-86E6-0D8A1B910F3A}.AppStore|iPhoneSimulator.Build.0 = Release|Any CPU
		{6C16E3D1-9537-4BA1-86E6-0D8A1B910F3A}.AppStore|iPhoneSimulator.Deploy.0 = Release|Any CPU
		{6C16E3D1-9537-4BA1-86E6-0D8A1B910F3A}.AppStore|x86.ActiveCfg = Release|Any CPU
		{6C16E3D1-9537-4BA1-86E6-0D8A1B910F3A}.AppStore|x86.Build.0 = Release|Any CPU
		{6C16E3D1-9537-4BA1-86E6-0D8A1B910F3A}.AppStore|x86.Deploy.0 = Release|Any CPU
		{6C16E3D1-9537-4BA1-86E6-0D8A1B910F3A}.Debug|Any CPU.ActiveCfg = Debug|Any CPU
		{6C16E3D1-9537-4BA1-86E6-0D8A1B910F3A}.Debug|Any CPU.Build.0 = Debug|Any CPU
		{6C16E3D1-9537-4BA1-86E6-0D8A1B910F3A}.Debug|Any CPU.Deploy.0 = Debug|Any CPU
		{6C16E3D1-9537-4BA1-86E6-0D8A1B910F3A}.Debug|ARM.ActiveCfg = Debug|Any CPU
		{6C16E3D1-9537-4BA1-86E6-0D8A1B910F3A}.Debug|ARM.Build.0 = Debug|Any CPU
		{6C16E3D1-9537-4BA1-86E6-0D8A1B910F3A}.Debug|ARM.Deploy.0 = Debug|Any CPU
		{6C16E3D1-9537-4BA1-86E6-0D8A1B910F3A}.Debug|iPhone.ActiveCfg = Debug|Any CPU
		{6C16E3D1-9537-4BA1-86E6-0D8A1B910F3A}.Debug|iPhone.Build.0 = Debug|Any CPU
		{6C16E3D1-9537-4BA1-86E6-0D8A1B910F3A}.Debug|iPhone.Deploy.0 = Debug|Any CPU
		{6C16E3D1-9537-4BA1-86E6-0D8A1B910F3A}.Debug|iPhoneSimulator.ActiveCfg = Debug|Any CPU
		{6C16E3D1-9537-4BA1-86E6-0D8A1B910F3A}.Debug|iPhoneSimulator.Build.0 = Debug|Any CPU
		{6C16E3D1-9537-4BA1-86E6-0D8A1B910F3A}.Debug|iPhoneSimulator.Deploy.0 = Debug|Any CPU
		{6C16E3D1-9537-4BA1-86E6-0D8A1B910F3A}.Debug|x86.ActiveCfg = Debug|Any CPU
		{6C16E3D1-9537-4BA1-86E6-0D8A1B910F3A}.Debug|x86.Build.0 = Debug|Any CPU
		{6C16E3D1-9537-4BA1-86E6-0D8A1B910F3A}.Debug|x86.Deploy.0 = Debug|Any CPU
		{6C16E3D1-9537-4BA1-86E6-0D8A1B910F3A}.Release|Any CPU.ActiveCfg = Release|Any CPU
		{6C16E3D1-9537-4BA1-86E6-0D8A1B910F3A}.Release|Any CPU.Build.0 = Release|Any CPU
		{6C16E3D1-9537-4BA1-86E6-0D8A1B910F3A}.Release|Any CPU.Deploy.0 = Release|Any CPU
		{6C16E3D1-9537-4BA1-86E6-0D8A1B910F3A}.Release|ARM.ActiveCfg = Release|Any CPU
		{6C16E3D1-9537-4BA1-86E6-0D8A1B910F3A}.Release|ARM.Build.0 = Release|Any CPU
		{6C16E3D1-9537-4BA1-86E6-0D8A1B910F3A}.Release|ARM.Deploy.0 = Release|Any CPU
		{6C16E3D1-9537-4BA1-86E6-0D8A1B910F3A}.Release|iPhone.ActiveCfg = Release|Any CPU
		{6C16E3D1-9537-4BA1-86E6-0D8A1B910F3A}.Release|iPhone.Build.0 = Release|Any CPU
		{6C16E3D1-9537-4BA1-86E6-0D8A1B910F3A}.Release|iPhone.Deploy.0 = Release|Any CPU
		{6C16E3D1-9537-4BA1-86E6-0D8A1B910F3A}.Release|iPhoneSimulator.ActiveCfg = Release|Any CPU
		{6C16E3D1-9537-4BA1-86E6-0D8A1B910F3A}.Release|iPhoneSimulator.Build.0 = Release|Any CPU
		{6C16E3D1-9537-4BA1-86E6-0D8A1B910F3A}.Release|iPhoneSimulator.Deploy.0 = Release|Any CPU
		{6C16E3D1-9537-4BA1-86E6-0D8A1B910F3A}.Release|x86.ActiveCfg = Release|Any CPU
		{6C16E3D1-9537-4BA1-86E6-0D8A1B910F3A}.Release|x86.Build.0 = Release|Any CPU
		{6C16E3D1-9537-4BA1-86E6-0D8A1B910F3A}.Release|x86.Deploy.0 = Release|Any CPU
		{0EDF6543-0D5B-4338-8876-42FAE446EFFD}.AppStore|Any CPU.ActiveCfg = AppStore|iPhone
		{0EDF6543-0D5B-4338-8876-42FAE446EFFD}.AppStore|ARM.ActiveCfg = AppStore|iPhone
		{0EDF6543-0D5B-4338-8876-42FAE446EFFD}.AppStore|iPhone.ActiveCfg = AppStore|iPhone
		{0EDF6543-0D5B-4338-8876-42FAE446EFFD}.AppStore|iPhone.Build.0 = AppStore|iPhone
		{0EDF6543-0D5B-4338-8876-42FAE446EFFD}.AppStore|iPhoneSimulator.ActiveCfg = AppStore|iPhoneSimulator
		{0EDF6543-0D5B-4338-8876-42FAE446EFFD}.AppStore|iPhoneSimulator.Build.0 = AppStore|iPhoneSimulator
		{0EDF6543-0D5B-4338-8876-42FAE446EFFD}.AppStore|x86.ActiveCfg = AppStore|iPhone
		{0EDF6543-0D5B-4338-8876-42FAE446EFFD}.Debug|Any CPU.ActiveCfg = Debug|iPhone
		{0EDF6543-0D5B-4338-8876-42FAE446EFFD}.Debug|ARM.ActiveCfg = Debug|iPhone
		{0EDF6543-0D5B-4338-8876-42FAE446EFFD}.Debug|iPhone.ActiveCfg = Debug|iPhone
		{0EDF6543-0D5B-4338-8876-42FAE446EFFD}.Debug|iPhone.Build.0 = Debug|iPhone
		{0EDF6543-0D5B-4338-8876-42FAE446EFFD}.Debug|iPhoneSimulator.ActiveCfg = Debug|iPhoneSimulator
		{0EDF6543-0D5B-4338-8876-42FAE446EFFD}.Debug|iPhoneSimulator.Build.0 = Debug|iPhoneSimulator
		{0EDF6543-0D5B-4338-8876-42FAE446EFFD}.Debug|x86.ActiveCfg = Debug|iPhone
		{0EDF6543-0D5B-4338-8876-42FAE446EFFD}.Release|Any CPU.ActiveCfg = Release|iPhone
		{0EDF6543-0D5B-4338-8876-42FAE446EFFD}.Release|ARM.ActiveCfg = Release|iPhone
		{0EDF6543-0D5B-4338-8876-42FAE446EFFD}.Release|iPhone.ActiveCfg = Release|iPhone
		{0EDF6543-0D5B-4338-8876-42FAE446EFFD}.Release|iPhone.Build.0 = Release|iPhone
		{0EDF6543-0D5B-4338-8876-42FAE446EFFD}.Release|iPhoneSimulator.ActiveCfg = Release|iPhoneSimulator
		{0EDF6543-0D5B-4338-8876-42FAE446EFFD}.Release|iPhoneSimulator.Build.0 = Release|iPhoneSimulator
		{0EDF6543-0D5B-4338-8876-42FAE446EFFD}.Release|x86.ActiveCfg = Release|iPhone
		{2C2E3228-05A5-468C-87BC-2A0D3F9C72B4}.AppStore|Any CPU.ActiveCfg = Release|Any CPU
		{2C2E3228-05A5-468C-87BC-2A0D3F9C72B4}.AppStore|Any CPU.Build.0 = Release|Any CPU
		{2C2E3228-05A5-468C-87BC-2A0D3F9C72B4}.AppStore|Any CPU.Deploy.0 = Release|Any CPU
		{2C2E3228-05A5-468C-87BC-2A0D3F9C72B4}.AppStore|ARM.ActiveCfg = Release|ARM
		{2C2E3228-05A5-468C-87BC-2A0D3F9C72B4}.AppStore|ARM.Build.0 = Release|ARM
		{2C2E3228-05A5-468C-87BC-2A0D3F9C72B4}.AppStore|ARM.Deploy.0 = Release|ARM
		{2C2E3228-05A5-468C-87BC-2A0D3F9C72B4}.AppStore|iPhone.ActiveCfg = Release|Any CPU
		{2C2E3228-05A5-468C-87BC-2A0D3F9C72B4}.AppStore|iPhone.Build.0 = Release|Any CPU
		{2C2E3228-05A5-468C-87BC-2A0D3F9C72B4}.AppStore|iPhone.Deploy.0 = Release|Any CPU
		{2C2E3228-05A5-468C-87BC-2A0D3F9C72B4}.AppStore|iPhoneSimulator.ActiveCfg = Release|Any CPU
		{2C2E3228-05A5-468C-87BC-2A0D3F9C72B4}.AppStore|iPhoneSimulator.Build.0 = Release|Any CPU
		{2C2E3228-05A5-468C-87BC-2A0D3F9C72B4}.AppStore|iPhoneSimulator.Deploy.0 = Release|Any CPU
		{2C2E3228-05A5-468C-87BC-2A0D3F9C72B4}.AppStore|x86.ActiveCfg = Release|x86
		{2C2E3228-05A5-468C-87BC-2A0D3F9C72B4}.AppStore|x86.Build.0 = Release|x86
		{2C2E3228-05A5-468C-87BC-2A0D3F9C72B4}.AppStore|x86.Deploy.0 = Release|x86
		{2C2E3228-05A5-468C-87BC-2A0D3F9C72B4}.Debug|Any CPU.ActiveCfg = Debug|Any CPU
		{2C2E3228-05A5-468C-87BC-2A0D3F9C72B4}.Debug|Any CPU.Build.0 = Debug|Any CPU
		{2C2E3228-05A5-468C-87BC-2A0D3F9C72B4}.Debug|Any CPU.Deploy.0 = Debug|Any CPU
		{2C2E3228-05A5-468C-87BC-2A0D3F9C72B4}.Debug|ARM.ActiveCfg = Debug|ARM
		{2C2E3228-05A5-468C-87BC-2A0D3F9C72B4}.Debug|ARM.Build.0 = Debug|ARM
		{2C2E3228-05A5-468C-87BC-2A0D3F9C72B4}.Debug|ARM.Deploy.0 = Debug|ARM
		{2C2E3228-05A5-468C-87BC-2A0D3F9C72B4}.Debug|iPhone.ActiveCfg = Debug|Any CPU
		{2C2E3228-05A5-468C-87BC-2A0D3F9C72B4}.Debug|iPhone.Build.0 = Debug|Any CPU
		{2C2E3228-05A5-468C-87BC-2A0D3F9C72B4}.Debug|iPhone.Deploy.0 = Debug|Any CPU
		{2C2E3228-05A5-468C-87BC-2A0D3F9C72B4}.Debug|iPhoneSimulator.ActiveCfg = Debug|Any CPU
		{2C2E3228-05A5-468C-87BC-2A0D3F9C72B4}.Debug|iPhoneSimulator.Build.0 = Debug|Any CPU
		{2C2E3228-05A5-468C-87BC-2A0D3F9C72B4}.Debug|iPhoneSimulator.Deploy.0 = Debug|Any CPU
		{2C2E3228-05A5-468C-87BC-2A0D3F9C72B4}.Debug|x86.ActiveCfg = Debug|x86
		{2C2E3228-05A5-468C-87BC-2A0D3F9C72B4}.Debug|x86.Build.0 = Debug|x86
		{2C2E3228-05A5-468C-87BC-2A0D3F9C72B4}.Debug|x86.Deploy.0 = Debug|x86
		{2C2E3228-05A5-468C-87BC-2A0D3F9C72B4}.Release|Any CPU.ActiveCfg = Release|Any CPU
		{2C2E3228-05A5-468C-87BC-2A0D3F9C72B4}.Release|Any CPU.Build.0 = Release|Any CPU
		{2C2E3228-05A5-468C-87BC-2A0D3F9C72B4}.Release|Any CPU.Deploy.0 = Release|Any CPU
		{2C2E3228-05A5-468C-87BC-2A0D3F9C72B4}.Release|ARM.ActiveCfg = Release|ARM
		{2C2E3228-05A5-468C-87BC-2A0D3F9C72B4}.Release|ARM.Build.0 = Release|ARM
		{2C2E3228-05A5-468C-87BC-2A0D3F9C72B4}.Release|ARM.Deploy.0 = Release|ARM
		{2C2E3228-05A5-468C-87BC-2A0D3F9C72B4}.Release|iPhone.ActiveCfg = Release|Any CPU
		{2C2E3228-05A5-468C-87BC-2A0D3F9C72B4}.Release|iPhone.Build.0 = Release|Any CPU
		{2C2E3228-05A5-468C-87BC-2A0D3F9C72B4}.Release|iPhone.Deploy.0 = Release|Any CPU
		{2C2E3228-05A5-468C-87BC-2A0D3F9C72B4}.Release|iPhoneSimulator.ActiveCfg = Release|Any CPU
		{2C2E3228-05A5-468C-87BC-2A0D3F9C72B4}.Release|iPhoneSimulator.Build.0 = Release|Any CPU
		{2C2E3228-05A5-468C-87BC-2A0D3F9C72B4}.Release|iPhoneSimulator.Deploy.0 = Release|Any CPU
		{2C2E3228-05A5-468C-87BC-2A0D3F9C72B4}.Release|x86.ActiveCfg = Release|x86
		{2C2E3228-05A5-468C-87BC-2A0D3F9C72B4}.Release|x86.Build.0 = Release|x86
		{2C2E3228-05A5-468C-87BC-2A0D3F9C72B4}.Release|x86.Deploy.0 = Release|x86
	EndGlobalSection
	GlobalSection(SolutionProperties) = preSolution
		HideSolutionNode = FALSE
	EndGlobalSection
EndGlobal
